// !$*UTF8*$!
{
	archiveVersion = 1;
	classes = {
	};
	objectVersion = 46;
	objects = {

/* Begin PBXBuildFile section */
		255E68E4B4E6D22EE6202140 /* libPods-Urba-Admin.a in Frameworks */ = {isa = PBXBuildFile; fileRef = 66B0E43E36916677858EAC8D /* libPods-Urba-Admin.a */; };
		7A9B0889D5CD0DAB6D42BADD /* libPods-Urba-AdminTests.a in Frameworks */ = {isa = PBXBuildFile; fileRef = 095843F9B1FCAEC86A872046 /* libPods-Urba-AdminTests.a */; };
		8C2766AA1DD78D07008C7DCB /* UBAddSuperUnitsViewController.m in Sources */ = {isa = PBXBuildFile; fileRef = 8C2766A91DD78D07008C7DCB /* UBAddSuperUnitsViewController.m */; };
		8C2766AD1DD7FBE4008C7DCB /* UBAddUnitsViewController.m in Sources */ = {isa = PBXBuildFile; fileRef = 8C2766AC1DD7FBE4008C7DCB /* UBAddUnitsViewController.m */; };
		8C5678A41DD39D8700FAB9B9 /* Constants.m in Sources */ = {isa = PBXBuildFile; fileRef = 8C5678A31DD39D8700FAB9B9 /* Constants.m */; };
		8C5678AA1DD3A44000FAB9B9 /* UBFIRDatabaseManager.m in Sources */ = {isa = PBXBuildFile; fileRef = 8C5678A91DD3A44000FAB9B9 /* UBFIRDatabaseManager.m */; };
		8C5678AE1DD3B6DF00FAB9B9 /* UBMainViewController.m in Sources */ = {isa = PBXBuildFile; fileRef = 8C5678AD1DD3B6DF00FAB9B9 /* UBMainViewController.m */; };
		8C5F2B991DD24D8400EA0A3D /* main.m in Sources */ = {isa = PBXBuildFile; fileRef = 8C5F2B981DD24D8400EA0A3D /* main.m */; };
		8C5F2B9C1DD24D8400EA0A3D /* AppDelegate.m in Sources */ = {isa = PBXBuildFile; fileRef = 8C5F2B9B1DD24D8400EA0A3D /* AppDelegate.m */; };
		8C5F2BA21DD24D8500EA0A3D /* Main.storyboard in Resources */ = {isa = PBXBuildFile; fileRef = 8C5F2BA01DD24D8500EA0A3D /* Main.storyboard */; };
		8C5F2BA41DD24D8500EA0A3D /* Assets.xcassets in Resources */ = {isa = PBXBuildFile; fileRef = 8C5F2BA31DD24D8500EA0A3D /* Assets.xcassets */; };
		8C5F2BA71DD24D8500EA0A3D /* LaunchScreen.storyboard in Resources */ = {isa = PBXBuildFile; fileRef = 8C5F2BA51DD24D8500EA0A3D /* LaunchScreen.storyboard */; };
		8C5F2BB21DD24D8500EA0A3D /* Urba_AdminTests.m in Sources */ = {isa = PBXBuildFile; fileRef = 8C5F2BB11DD24D8500EA0A3D /* Urba_AdminTests.m */; };
		8C5F2BBD1DD24D8500EA0A3D /* Urba_AdminUITests.m in Sources */ = {isa = PBXBuildFile; fileRef = 8C5F2BBC1DD24D8500EA0A3D /* Urba_AdminUITests.m */; };
		8C5F2BCC1DD259E200EA0A3D /* UBCreateCommViewController.m in Sources */ = {isa = PBXBuildFile; fileRef = 8C5F2BCB1DD259E200EA0A3D /* UBCreateCommViewController.m */; };
		8C63A8AF1DD2642B00AEC54B /* GoogleService-Info.plist in Resources */ = {isa = PBXBuildFile; fileRef = 8C63A8AE1DD2642B00AEC54B /* GoogleService-Info.plist */; };
		8C806D1C1DD279FB005D3A3C /* UBLogInAdminViewController.m in Sources */ = {isa = PBXBuildFile; fileRef = 8C806D1B1DD279FB005D3A3C /* UBLogInAdminViewController.m */; };
		8C806D211DD295F6005D3A3C /* ActivityView.m in Sources */ = {isa = PBXBuildFile; fileRef = 8C806D201DD295F6005D3A3C /* ActivityView.m */; };
		B83CD359FD070E873AC7A46B /* libPods-Urba-AdminUITests.a in Frameworks */ = {isa = PBXBuildFile; fileRef = B1DFB620568F674750D2FE06 /* libPods-Urba-AdminUITests.a */; };
/* End PBXBuildFile section */

/* Begin PBXContainerItemProxy section */
		8C5F2BAE1DD24D8500EA0A3D /* PBXContainerItemProxy */ = {
			isa = PBXContainerItemProxy;
			containerPortal = 8C5F2B8C1DD24D8400EA0A3D /* Project object */;
			proxyType = 1;
			remoteGlobalIDString = 8C5F2B931DD24D8400EA0A3D;
			remoteInfo = "Urba-Admin";
		};
		8C5F2BB91DD24D8500EA0A3D /* PBXContainerItemProxy */ = {
			isa = PBXContainerItemProxy;
			containerPortal = 8C5F2B8C1DD24D8400EA0A3D /* Project object */;
			proxyType = 1;
			remoteGlobalIDString = 8C5F2B931DD24D8400EA0A3D;
			remoteInfo = "Urba-Admin";
		};
/* End PBXContainerItemProxy section */

/* Begin PBXFileReference section */
		095843F9B1FCAEC86A872046 /* libPods-Urba-AdminTests.a */ = {isa = PBXFileReference; explicitFileType = archive.ar; includeInIndex = 0; path = "libPods-Urba-AdminTests.a"; sourceTree = BUILT_PRODUCTS_DIR; };
		545F4144E84C30836AB653B2 /* Pods-Urba-Admin.release.xcconfig */ = {isa = PBXFileReference; includeInIndex = 1; lastKnownFileType = text.xcconfig; name = "Pods-Urba-Admin.release.xcconfig"; path = "Pods/Target Support Files/Pods-Urba-Admin/Pods-Urba-Admin.release.xcconfig"; sourceTree = "<group>"; };
		57439D86CE48B6AE206E29D5 /* Pods-Urba-AdminUITests.debug.xcconfig */ = {isa = PBXFileReference; includeInIndex = 1; lastKnownFileType = text.xcconfig; name = "Pods-Urba-AdminUITests.debug.xcconfig"; path = "Pods/Target Support Files/Pods-Urba-AdminUITests/Pods-Urba-AdminUITests.debug.xcconfig"; sourceTree = "<group>"; };
		66B0E43E36916677858EAC8D /* libPods-Urba-Admin.a */ = {isa = PBXFileReference; explicitFileType = archive.ar; includeInIndex = 0; path = "libPods-Urba-Admin.a"; sourceTree = BUILT_PRODUCTS_DIR; };
		7D7C48281C81715A6AEF3531 /* Pods-Urba-AdminTests.debug.xcconfig */ = {isa = PBXFileReference; includeInIndex = 1; lastKnownFileType = text.xcconfig; name = "Pods-Urba-AdminTests.debug.xcconfig"; path = "Pods/Target Support Files/Pods-Urba-AdminTests/Pods-Urba-AdminTests.debug.xcconfig"; sourceTree = "<group>"; };
		8C2766A81DD78D07008C7DCB /* UBAddSuperUnitsViewController.h */ = {isa = PBXFileReference; fileEncoding = 4; lastKnownFileType = sourcecode.c.h; path = UBAddSuperUnitsViewController.h; sourceTree = "<group>"; };
		8C2766A91DD78D07008C7DCB /* UBAddSuperUnitsViewController.m */ = {isa = PBXFileReference; fileEncoding = 4; lastKnownFileType = sourcecode.c.objc; path = UBAddSuperUnitsViewController.m; sourceTree = "<group>"; };
		8C2766AB1DD7FBE4008C7DCB /* UBAddUnitsViewController.h */ = {isa = PBXFileReference; fileEncoding = 4; lastKnownFileType = sourcecode.c.h; path = UBAddUnitsViewController.h; sourceTree = "<group>"; };
		8C2766AC1DD7FBE4008C7DCB /* UBAddUnitsViewController.m */ = {isa = PBXFileReference; fileEncoding = 4; lastKnownFileType = sourcecode.c.objc; path = UBAddUnitsViewController.m; sourceTree = "<group>"; };
		8C5678A21DD39D8700FAB9B9 /* Constants.h */ = {isa = PBXFileReference; fileEncoding = 4; lastKnownFileType = sourcecode.c.h; path = Constants.h; sourceTree = "<group>"; };
		8C5678A31DD39D8700FAB9B9 /* Constants.m */ = {isa = PBXFileReference; fileEncoding = 4; lastKnownFileType = sourcecode.c.objc; path = Constants.m; sourceTree = "<group>"; };
		8C5678A81DD3A44000FAB9B9 /* UBFIRDatabaseManager.h */ = {isa = PBXFileReference; fileEncoding = 4; lastKnownFileType = sourcecode.c.h; path = UBFIRDatabaseManager.h; sourceTree = "<group>"; };
		8C5678A91DD3A44000FAB9B9 /* UBFIRDatabaseManager.m */ = {isa = PBXFileReference; fileEncoding = 4; lastKnownFileType = sourcecode.c.objc; path = UBFIRDatabaseManager.m; sourceTree = "<group>"; };
		8C5678AC1DD3B6DF00FAB9B9 /* UBMainViewController.h */ = {isa = PBXFileReference; fileEncoding = 4; lastKnownFileType = sourcecode.c.h; path = UBMainViewController.h; sourceTree = "<group>"; };
		8C5678AD1DD3B6DF00FAB9B9 /* UBMainViewController.m */ = {isa = PBXFileReference; fileEncoding = 4; lastKnownFileType = sourcecode.c.objc; path = UBMainViewController.m; sourceTree = "<group>"; };
		8C5F2B941DD24D8400EA0A3D /* Urba-Admin.app */ = {isa = PBXFileReference; explicitFileType = wrapper.application; includeInIndex = 0; path = "Urba-Admin.app"; sourceTree = BUILT_PRODUCTS_DIR; };
		8C5F2B981DD24D8400EA0A3D /* main.m */ = {isa = PBXFileReference; lastKnownFileType = sourcecode.c.objc; path = main.m; sourceTree = "<group>"; };
		8C5F2B9A1DD24D8400EA0A3D /* AppDelegate.h */ = {isa = PBXFileReference; lastKnownFileType = sourcecode.c.h; path = AppDelegate.h; sourceTree = "<group>"; };
		8C5F2B9B1DD24D8400EA0A3D /* AppDelegate.m */ = {isa = PBXFileReference; lastKnownFileType = sourcecode.c.objc; path = AppDelegate.m; sourceTree = "<group>"; wrapsLines = 1; };
		8C5F2BA11DD24D8500EA0A3D /* Base */ = {isa = PBXFileReference; lastKnownFileType = file.storyboard; name = Base; path = Base.lproj/Main.storyboard; sourceTree = "<group>"; };
		8C5F2BA31DD24D8500EA0A3D /* Assets.xcassets */ = {isa = PBXFileReference; lastKnownFileType = folder.assetcatalog; path = Assets.xcassets; sourceTree = "<group>"; };
		8C5F2BA61DD24D8500EA0A3D /* Base */ = {isa = PBXFileReference; lastKnownFileType = file.storyboard; name = Base; path = Base.lproj/LaunchScreen.storyboard; sourceTree = "<group>"; };
		8C5F2BA81DD24D8500EA0A3D /* Info.plist */ = {isa = PBXFileReference; lastKnownFileType = text.plist.xml; path = Info.plist; sourceTree = "<group>"; };
		8C5F2BAD1DD24D8500EA0A3D /* Urba-AdminTests.xctest */ = {isa = PBXFileReference; explicitFileType = wrapper.cfbundle; includeInIndex = 0; path = "Urba-AdminTests.xctest"; sourceTree = BUILT_PRODUCTS_DIR; };
		8C5F2BB11DD24D8500EA0A3D /* Urba_AdminTests.m */ = {isa = PBXFileReference; lastKnownFileType = sourcecode.c.objc; path = Urba_AdminTests.m; sourceTree = "<group>"; };
		8C5F2BB31DD24D8500EA0A3D /* Info.plist */ = {isa = PBXFileReference; lastKnownFileType = text.plist.xml; path = Info.plist; sourceTree = "<group>"; };
		8C5F2BB81DD24D8500EA0A3D /* Urba-AdminUITests.xctest */ = {isa = PBXFileReference; explicitFileType = wrapper.cfbundle; includeInIndex = 0; path = "Urba-AdminUITests.xctest"; sourceTree = BUILT_PRODUCTS_DIR; };
		8C5F2BBC1DD24D8500EA0A3D /* Urba_AdminUITests.m */ = {isa = PBXFileReference; lastKnownFileType = sourcecode.c.objc; path = Urba_AdminUITests.m; sourceTree = "<group>"; };
		8C5F2BBE1DD24D8500EA0A3D /* Info.plist */ = {isa = PBXFileReference; lastKnownFileType = text.plist.xml; path = Info.plist; sourceTree = "<group>"; };
		8C5F2BCA1DD259E200EA0A3D /* UBCreateCommViewController.h */ = {isa = PBXFileReference; fileEncoding = 4; lastKnownFileType = sourcecode.c.h; path = UBCreateCommViewController.h; sourceTree = "<group>"; };
		8C5F2BCB1DD259E200EA0A3D /* UBCreateCommViewController.m */ = {isa = PBXFileReference; fileEncoding = 4; lastKnownFileType = sourcecode.c.objc; path = UBCreateCommViewController.m; sourceTree = "<group>"; };
		8C63A8AE1DD2642B00AEC54B /* GoogleService-Info.plist */ = {isa = PBXFileReference; fileEncoding = 4; lastKnownFileType = text.plist.xml; path = "GoogleService-Info.plist"; sourceTree = "<group>"; };
		8C71C1841DDCF2EB00B5BD8F /* Urba-Admin.entitlements */ = {isa = PBXFileReference; lastKnownFileType = text.plist.entitlements; path = "Urba-Admin.entitlements"; sourceTree = "<group>"; };
		8C806D1A1DD279FB005D3A3C /* UBLogInAdminViewController.h */ = {isa = PBXFileReference; fileEncoding = 4; lastKnownFileType = sourcecode.c.h; path = UBLogInAdminViewController.h; sourceTree = "<group>"; };
		8C806D1B1DD279FB005D3A3C /* UBLogInAdminViewController.m */ = {isa = PBXFileReference; fileEncoding = 4; lastKnownFileType = sourcecode.c.objc; path = UBLogInAdminViewController.m; sourceTree = "<group>"; };
		8C806D1F1DD295F6005D3A3C /* ActivityView.h */ = {isa = PBXFileReference; fileEncoding = 4; lastKnownFileType = sourcecode.c.h; path = ActivityView.h; sourceTree = "<group>"; };
		8C806D201DD295F6005D3A3C /* ActivityView.m */ = {isa = PBXFileReference; fileEncoding = 4; lastKnownFileType = sourcecode.c.objc; path = ActivityView.m; sourceTree = "<group>"; };
		8C92965FCBF40C35134B4A39 /* Pods-Urba-Admin.debug.xcconfig */ = {isa = PBXFileReference; includeInIndex = 1; lastKnownFileType = text.xcconfig; name = "Pods-Urba-Admin.debug.xcconfig"; path = "Pods/Target Support Files/Pods-Urba-Admin/Pods-Urba-Admin.debug.xcconfig"; sourceTree = "<group>"; };
		A16DB575CA3BC1D946149158 /* Pods-Urba-AdminTests.release.xcconfig */ = {isa = PBXFileReference; includeInIndex = 1; lastKnownFileType = text.xcconfig; name = "Pods-Urba-AdminTests.release.xcconfig"; path = "Pods/Target Support Files/Pods-Urba-AdminTests/Pods-Urba-AdminTests.release.xcconfig"; sourceTree = "<group>"; };
		B1DFB620568F674750D2FE06 /* libPods-Urba-AdminUITests.a */ = {isa = PBXFileReference; explicitFileType = archive.ar; includeInIndex = 0; path = "libPods-Urba-AdminUITests.a"; sourceTree = BUILT_PRODUCTS_DIR; };
		FBDEC40C0F9069697672CCA6 /* Pods-Urba-AdminUITests.release.xcconfig */ = {isa = PBXFileReference; includeInIndex = 1; lastKnownFileType = text.xcconfig; name = "Pods-Urba-AdminUITests.release.xcconfig"; path = "Pods/Target Support Files/Pods-Urba-AdminUITests/Pods-Urba-AdminUITests.release.xcconfig"; sourceTree = "<group>"; };
/* End PBXFileReference section */

/* Begin PBXFrameworksBuildPhase section */
		8C5F2B911DD24D8400EA0A3D /* Frameworks */ = {
			isa = PBXFrameworksBuildPhase;
			buildActionMask = 2147483647;
			files = (
				255E68E4B4E6D22EE6202140 /* libPods-Urba-Admin.a in Frameworks */,
			);
			runOnlyForDeploymentPostprocessing = 0;
		};
		8C5F2BAA1DD24D8500EA0A3D /* Frameworks */ = {
			isa = PBXFrameworksBuildPhase;
			buildActionMask = 2147483647;
			files = (
				7A9B0889D5CD0DAB6D42BADD /* libPods-Urba-AdminTests.a in Frameworks */,
			);
			runOnlyForDeploymentPostprocessing = 0;
		};
		8C5F2BB51DD24D8500EA0A3D /* Frameworks */ = {
			isa = PBXFrameworksBuildPhase;
			buildActionMask = 2147483647;
			files = (
				B83CD359FD070E873AC7A46B /* libPods-Urba-AdminUITests.a in Frameworks */,
			);
			runOnlyForDeploymentPostprocessing = 0;
		};
/* End PBXFrameworksBuildPhase section */

/* Begin PBXGroup section */
		3AF8862A754B4DAF32B4AB6D /* Frameworks */ = {
			isa = PBXGroup;
			children = (
				66B0E43E36916677858EAC8D /* libPods-Urba-Admin.a */,
				095843F9B1FCAEC86A872046 /* libPods-Urba-AdminTests.a */,
				B1DFB620568F674750D2FE06 /* libPods-Urba-AdminUITests.a */,
			);
			name = Frameworks;
			sourceTree = "<group>";
		};
		402C64F15624FBE9DBD6B68E /* Pods */ = {
			isa = PBXGroup;
			children = (
				8C92965FCBF40C35134B4A39 /* Pods-Urba-Admin.debug.xcconfig */,
				545F4144E84C30836AB653B2 /* Pods-Urba-Admin.release.xcconfig */,
				7D7C48281C81715A6AEF3531 /* Pods-Urba-AdminTests.debug.xcconfig */,
				A16DB575CA3BC1D946149158 /* Pods-Urba-AdminTests.release.xcconfig */,
				57439D86CE48B6AE206E29D5 /* Pods-Urba-AdminUITests.debug.xcconfig */,
				FBDEC40C0F9069697672CCA6 /* Pods-Urba-AdminUITests.release.xcconfig */,
			);
			name = Pods;
			sourceTree = "<group>";
		};
		8C2766A71DD78CC2008C7DCB /* Add to Community */ = {
			isa = PBXGroup;
			children = (
				8C2766A81DD78D07008C7DCB /* UBAddSuperUnitsViewController.h */,
				8C2766A91DD78D07008C7DCB /* UBAddSuperUnitsViewController.m */,
				8C2766AB1DD7FBE4008C7DCB /* UBAddUnitsViewController.h */,
				8C2766AC1DD7FBE4008C7DCB /* UBAddUnitsViewController.m */,
			);
			name = "Add to Community";
			sourceTree = "<group>";
		};
		8C5678A51DD3A1B300FAB9B9 /* Views */ = {
			isa = PBXGroup;
			children = (
				8C806D1E1DD27A16005D3A3C /* Welcome Views */,
				8C5678AB1DD3B6B900FAB9B9 /* Main Views */,
				8C2766A71DD78CC2008C7DCB /* Add to Community */,
			);
			name = Views;
			sourceTree = "<group>";
		};
		8C5678A61DD3A1BE00FAB9B9 /* Model */ = {
			isa = PBXGroup;
			children = (
			);
			name = Model;
			sourceTree = "<group>";
		};
		8C5678A71DD3A1DE00FAB9B9 /* Control */ = {
			isa = PBXGroup;
			children = (
				8C5678A81DD3A44000FAB9B9 /* UBFIRDatabaseManager.h */,
				8C5678A91DD3A44000FAB9B9 /* UBFIRDatabaseManager.m */,
			);
			name = Control;
			sourceTree = "<group>";
		};
		8C5678AB1DD3B6B900FAB9B9 /* Main Views */ = {
			isa = PBXGroup;
			children = (
				8C5678AC1DD3B6DF00FAB9B9 /* UBMainViewController.h */,
				8C5678AD1DD3B6DF00FAB9B9 /* UBMainViewController.m */,
			);
			name = "Main Views";
			sourceTree = "<group>";
		};
		8C5F2B8B1DD24D8400EA0A3D = {
			isa = PBXGroup;
			children = (
				8C5F2B961DD24D8400EA0A3D /* Urba-Admin */,
				8C5F2BB01DD24D8500EA0A3D /* Urba-AdminTests */,
				8C5F2BBB1DD24D8500EA0A3D /* Urba-AdminUITests */,
				8C5F2B951DD24D8400EA0A3D /* Products */,
				402C64F15624FBE9DBD6B68E /* Pods */,
				3AF8862A754B4DAF32B4AB6D /* Frameworks */,
			);
			sourceTree = "<group>";
		};
		8C5F2B951DD24D8400EA0A3D /* Products */ = {
			isa = PBXGroup;
			children = (
				8C5F2B941DD24D8400EA0A3D /* Urba-Admin.app */,
				8C5F2BAD1DD24D8500EA0A3D /* Urba-AdminTests.xctest */,
				8C5F2BB81DD24D8500EA0A3D /* Urba-AdminUITests.xctest */,
			);
			name = Products;
			sourceTree = "<group>";
		};
		8C5F2B961DD24D8400EA0A3D /* Urba-Admin */ = {
			isa = PBXGroup;
			children = (
				8C71C1841DDCF2EB00B5BD8F /* Urba-Admin.entitlements */,
				8C5F2B9A1DD24D8400EA0A3D /* AppDelegate.h */,
				8C5F2B9B1DD24D8400EA0A3D /* AppDelegate.m */,
				8C806D1F1DD295F6005D3A3C /* ActivityView.h */,
				8C806D201DD295F6005D3A3C /* ActivityView.m */,
				8C5678A21DD39D8700FAB9B9 /* Constants.h */,
				8C5678A31DD39D8700FAB9B9 /* Constants.m */,
				8C5678A51DD3A1B300FAB9B9 /* Views */,
				8C5678A61DD3A1BE00FAB9B9 /* Model */,
				8C5678A71DD3A1DE00FAB9B9 /* Control */,
				8C5F2BA01DD24D8500EA0A3D /* Main.storyboard */,
				8C5F2BA31DD24D8500EA0A3D /* Assets.xcassets */,
				8C5F2BA51DD24D8500EA0A3D /* LaunchScreen.storyboard */,
				8C5F2BA81DD24D8500EA0A3D /* Info.plist */,
				8C63A8AE1DD2642B00AEC54B /* GoogleService-Info.plist */,
				8C5F2B971DD24D8400EA0A3D /* Supporting Files */,
			);
			path = "Urba-Admin";
			sourceTree = "<group>";
		};
		8C5F2B971DD24D8400EA0A3D /* Supporting Files */ = {
			isa = PBXGroup;
			children = (
				8C5F2B981DD24D8400EA0A3D /* main.m */,
			);
			name = "Supporting Files";
			sourceTree = "<group>";
		};
		8C5F2BB01DD24D8500EA0A3D /* Urba-AdminTests */ = {
			isa = PBXGroup;
			children = (
				8C5F2BB11DD24D8500EA0A3D /* Urba_AdminTests.m */,
				8C5F2BB31DD24D8500EA0A3D /* Info.plist */,
			);
			path = "Urba-AdminTests";
			sourceTree = "<group>";
		};
		8C5F2BBB1DD24D8500EA0A3D /* Urba-AdminUITests */ = {
			isa = PBXGroup;
			children = (
				8C5F2BBC1DD24D8500EA0A3D /* Urba_AdminUITests.m */,
				8C5F2BBE1DD24D8500EA0A3D /* Info.plist */,
			);
			path = "Urba-AdminUITests";
			sourceTree = "<group>";
		};
		8C806D1E1DD27A16005D3A3C /* Welcome Views */ = {
			isa = PBXGroup;
			children = (
				8C806D1A1DD279FB005D3A3C /* UBLogInAdminViewController.h */,
				8C806D1B1DD279FB005D3A3C /* UBLogInAdminViewController.m */,
				8C5F2BCA1DD259E200EA0A3D /* UBCreateCommViewController.h */,
				8C5F2BCB1DD259E200EA0A3D /* UBCreateCommViewController.m */,
			);
			name = "Welcome Views";
			sourceTree = "<group>";
		};
/* End PBXGroup section */

/* Begin PBXNativeTarget section */
		8C5F2B931DD24D8400EA0A3D /* Urba-Admin */ = {
			isa = PBXNativeTarget;
			buildConfigurationList = 8C5F2BC11DD24D8500EA0A3D /* Build configuration list for PBXNativeTarget "Urba-Admin" */;
			buildPhases = (
				ACD4CEF07E4A3630ABD02738 /* 📦 Check Pods Manifest.lock */,
				8C5F2B901DD24D8400EA0A3D /* Sources */,
				8C5F2B911DD24D8400EA0A3D /* Frameworks */,
				8C5F2B921DD24D8400EA0A3D /* Resources */,
				9F31A3F04F4FBCC75853E82C /* 📦 Embed Pods Frameworks */,
				0BE4BF0948A00ECAC55D56A8 /* 📦 Copy Pods Resources */,
			);
			buildRules = (
			);
			dependencies = (
			);
			name = "Urba-Admin";
			productName = "Urba-Admin";
			productReference = 8C5F2B941DD24D8400EA0A3D /* Urba-Admin.app */;
			productType = "com.apple.product-type.application";
		};
		8C5F2BAC1DD24D8500EA0A3D /* Urba-AdminTests */ = {
			isa = PBXNativeTarget;
			buildConfigurationList = 8C5F2BC41DD24D8500EA0A3D /* Build configuration list for PBXNativeTarget "Urba-AdminTests" */;
			buildPhases = (
				047E903796D22916446C258B /* 📦 Check Pods Manifest.lock */,
				8C5F2BA91DD24D8500EA0A3D /* Sources */,
				8C5F2BAA1DD24D8500EA0A3D /* Frameworks */,
				8C5F2BAB1DD24D8500EA0A3D /* Resources */,
				385B49691F57F3B59F1288C2 /* 📦 Embed Pods Frameworks */,
				BA7D2292625DCBF92CB89DE4 /* 📦 Copy Pods Resources */,
			);
			buildRules = (
			);
			dependencies = (
				8C5F2BAF1DD24D8500EA0A3D /* PBXTargetDependency */,
			);
			name = "Urba-AdminTests";
			productName = "Urba-AdminTests";
			productReference = 8C5F2BAD1DD24D8500EA0A3D /* Urba-AdminTests.xctest */;
			productType = "com.apple.product-type.bundle.unit-test";
		};
		8C5F2BB71DD24D8500EA0A3D /* Urba-AdminUITests */ = {
			isa = PBXNativeTarget;
			buildConfigurationList = 8C5F2BC71DD24D8500EA0A3D /* Build configuration list for PBXNativeTarget "Urba-AdminUITests" */;
			buildPhases = (
				75C5A4815D9641A7C4C3F522 /* 📦 Check Pods Manifest.lock */,
				8C5F2BB41DD24D8500EA0A3D /* Sources */,
				8C5F2BB51DD24D8500EA0A3D /* Frameworks */,
				8C5F2BB61DD24D8500EA0A3D /* Resources */,
				35D434D88954AED6B622A69C /* 📦 Copy Pods Resources */,
			);
			buildRules = (
			);
			dependencies = (
				8C5F2BBA1DD24D8500EA0A3D /* PBXTargetDependency */,
			);
			name = "Urba-AdminUITests";
			productName = "Urba-AdminUITests";
			productReference = 8C5F2BB81DD24D8500EA0A3D /* Urba-AdminUITests.xctest */;
			productType = "com.apple.product-type.bundle.ui-testing";
		};
/* End PBXNativeTarget section */

/* Begin PBXProject section */
		8C5F2B8C1DD24D8400EA0A3D /* Project object */ = {
			isa = PBXProject;
			attributes = {
				LastUpgradeCheck = 0810;
				ORGANIZATIONNAME = "Ricardo Nazario";
				TargetAttributes = {
					8C5F2B931DD24D8400EA0A3D = {
						CreatedOnToolsVersion = 8.1;
						DevelopmentTeam = SGRW3864BW;
						ProvisioningStyle = Automatic;
						SystemCapabilities = {
							com.apple.Push = {
								enabled = 1;
							};
						};
					};
					8C5F2BAC1DD24D8500EA0A3D = {
						CreatedOnToolsVersion = 8.1;
						DevelopmentTeam = SGRW3864BW;
						ProvisioningStyle = Automatic;
						TestTargetID = 8C5F2B931DD24D8400EA0A3D;
					};
					8C5F2BB71DD24D8500EA0A3D = {
						CreatedOnToolsVersion = 8.1;
						DevelopmentTeam = SGRW3864BW;
						ProvisioningStyle = Automatic;
						TestTargetID = 8C5F2B931DD24D8400EA0A3D;
					};
				};
			};
			buildConfigurationList = 8C5F2B8F1DD24D8400EA0A3D /* Build configuration list for PBXProject "Urba-Admin" */;
			compatibilityVersion = "Xcode 3.2";
			developmentRegion = English;
			hasScannedForEncodings = 0;
			knownRegions = (
				en,
				Base,
			);
			mainGroup = 8C5F2B8B1DD24D8400EA0A3D;
			productRefGroup = 8C5F2B951DD24D8400EA0A3D /* Products */;
			projectDirPath = "";
			projectRoot = "";
			targets = (
				8C5F2B931DD24D8400EA0A3D /* Urba-Admin */,
				8C5F2BAC1DD24D8500EA0A3D /* Urba-AdminTests */,
				8C5F2BB71DD24D8500EA0A3D /* Urba-AdminUITests */,
			);
		};
/* End PBXProject section */

/* Begin PBXResourcesBuildPhase section */
		8C5F2B921DD24D8400EA0A3D /* Resources */ = {
			isa = PBXResourcesBuildPhase;
			buildActionMask = 2147483647;
			files = (
				8C5F2BA71DD24D8500EA0A3D /* LaunchScreen.storyboard in Resources */,
				8C63A8AF1DD2642B00AEC54B /* GoogleService-Info.plist in Resources */,
				8C5F2BA41DD24D8500EA0A3D /* Assets.xcassets in Resources */,
				8C5F2BA21DD24D8500EA0A3D /* Main.storyboard in Resources */,
			);
			runOnlyForDeploymentPostprocessing = 0;
		};
		8C5F2BAB1DD24D8500EA0A3D /* Resources */ = {
			isa = PBXResourcesBuildPhase;
			buildActionMask = 2147483647;
			files = (
			);
			runOnlyForDeploymentPostprocessing = 0;
		};
		8C5F2BB61DD24D8500EA0A3D /* Resources */ = {
			isa = PBXResourcesBuildPhase;
			buildActionMask = 2147483647;
			files = (
			);
			runOnlyForDeploymentPostprocessing = 0;
		};
/* End PBXResourcesBuildPhase section */

/* Begin PBXShellScriptBuildPhase section */
		047E903796D22916446C258B /* 📦 Check Pods Manifest.lock */ = {
			isa = PBXShellScriptBuildPhase;
			buildActionMask = 2147483647;
			files = (
			);
			inputPaths = (
			);
			name = "📦 Check Pods Manifest.lock";
			outputPaths = (
			);
			runOnlyForDeploymentPostprocessing = 0;
			shellPath = /bin/sh;
			shellScript = "diff \"${PODS_ROOT}/../Podfile.lock\" \"${PODS_ROOT}/Manifest.lock\" > /dev/null\nif [[ $? != 0 ]] ; then\n    cat << EOM\nerror: The sandbox is not in sync with the Podfile.lock. Run 'pod install' or update your CocoaPods installation.\nEOM\n    exit 1\nfi\n";
			showEnvVarsInLog = 0;
		};
		0BE4BF0948A00ECAC55D56A8 /* 📦 Copy Pods Resources */ = {
			isa = PBXShellScriptBuildPhase;
			buildActionMask = 2147483647;
			files = (
			);
			inputPaths = (
			);
			name = "📦 Copy Pods Resources";
			outputPaths = (
			);
			runOnlyForDeploymentPostprocessing = 0;
			shellPath = /bin/sh;
			shellScript = "\"${SRCROOT}/Pods/Target Support Files/Pods-Urba-Admin/Pods-Urba-Admin-resources.sh\"\n";
			showEnvVarsInLog = 0;
		};
		35D434D88954AED6B622A69C /* 📦 Copy Pods Resources */ = {
			isa = PBXShellScriptBuildPhase;
			buildActionMask = 2147483647;
			files = (
			);
			inputPaths = (
			);
			name = "📦 Copy Pods Resources";
			outputPaths = (
			);
			runOnlyForDeploymentPostprocessing = 0;
			shellPath = /bin/sh;
			shellScript = "\"${SRCROOT}/Pods/Target Support Files/Pods-Urba-AdminUITests/Pods-Urba-AdminUITests-resources.sh\"\n";
			showEnvVarsInLog = 0;
		};
		385B49691F57F3B59F1288C2 /* 📦 Embed Pods Frameworks */ = {
			isa = PBXShellScriptBuildPhase;
			buildActionMask = 2147483647;
			files = (
			);
			inputPaths = (
			);
			name = "📦 Embed Pods Frameworks";
			outputPaths = (
			);
			runOnlyForDeploymentPostprocessing = 0;
			shellPath = /bin/sh;
			shellScript = "\"${SRCROOT}/Pods/Target Support Files/Pods-Urba-AdminTests/Pods-Urba-AdminTests-frameworks.sh\"\n";
			showEnvVarsInLog = 0;
		};
		75C5A4815D9641A7C4C3F522 /* 📦 Check Pods Manifest.lock */ = {
			isa = PBXShellScriptBuildPhase;
			buildActionMask = 2147483647;
			files = (
			);
			inputPaths = (
			);
			name = "📦 Check Pods Manifest.lock";
			outputPaths = (
			);
			runOnlyForDeploymentPostprocessing = 0;
			shellPath = /bin/sh;
			shellScript = "diff \"${PODS_ROOT}/../Podfile.lock\" \"${PODS_ROOT}/Manifest.lock\" > /dev/null\nif [[ $? != 0 ]] ; then\n    cat << EOM\nerror: The sandbox is not in sync with the Podfile.lock. Run 'pod install' or update your CocoaPods installation.\nEOM\n    exit 1\nfi\n";
			showEnvVarsInLog = 0;
		};
		9F31A3F04F4FBCC75853E82C /* 📦 Embed Pods Frameworks */ = {
			isa = PBXShellScriptBuildPhase;
			buildActionMask = 2147483647;
			files = (
			);
			inputPaths = (
			);
			name = "📦 Embed Pods Frameworks";
			outputPaths = (
			);
			runOnlyForDeploymentPostprocessing = 0;
			shellPath = /bin/sh;
			shellScript = "\"${SRCROOT}/Pods/Target Support Files/Pods-Urba-Admin/Pods-Urba-Admin-frameworks.sh\"\n";
			showEnvVarsInLog = 0;
		};
		ACD4CEF07E4A3630ABD02738 /* 📦 Check Pods Manifest.lock */ = {
			isa = PBXShellScriptBuildPhase;
			buildActionMask = 2147483647;
			files = (
			);
			inputPaths = (
			);
			name = "📦 Check Pods Manifest.lock";
			outputPaths = (
			);
			runOnlyForDeploymentPostprocessing = 0;
			shellPath = /bin/sh;
			shellScript = "diff \"${PODS_ROOT}/../Podfile.lock\" \"${PODS_ROOT}/Manifest.lock\" > /dev/null\nif [[ $? != 0 ]] ; then\n    cat << EOM\nerror: The sandbox is not in sync with the Podfile.lock. Run 'pod install' or update your CocoaPods installation.\nEOM\n    exit 1\nfi\n";
			showEnvVarsInLog = 0;
		};
		BA7D2292625DCBF92CB89DE4 /* 📦 Copy Pods Resources */ = {
			isa = PBXShellScriptBuildPhase;
			buildActionMask = 2147483647;
			files = (
			);
			inputPaths = (
			);
			name = "📦 Copy Pods Resources";
			outputPaths = (
			);
			runOnlyForDeploymentPostprocessing = 0;
			shellPath = /bin/sh;
			shellScript = "\"${SRCROOT}/Pods/Target Support Files/Pods-Urba-AdminTests/Pods-Urba-AdminTests-resources.sh\"\n";
			showEnvVarsInLog = 0;
		};
/* End PBXShellScriptBuildPhase section */

/* Begin PBXSourcesBuildPhase section */
		8C5F2B901DD24D8400EA0A3D /* Sources */ = {
			isa = PBXSourcesBuildPhase;
			buildActionMask = 2147483647;
			files = (
				8C806D211DD295F6005D3A3C /* ActivityView.m in Sources */,
				8C5F2BCC1DD259E200EA0A3D /* UBCreateCommViewController.m in Sources */,
				8C5F2B9C1DD24D8400EA0A3D /* AppDelegate.m in Sources */,
				8C5F2B991DD24D8400EA0A3D /* main.m in Sources */,
				8C5678AE1DD3B6DF00FAB9B9 /* UBMainViewController.m in Sources */,
				8C5678AA1DD3A44000FAB9B9 /* UBFIRDatabaseManager.m in Sources */,
				8C806D1C1DD279FB005D3A3C /* UBLogInAdminViewController.m in Sources */,
				8C5678A41DD39D8700FAB9B9 /* Constants.m in Sources */,
				8C2766AA1DD78D07008C7DCB /* UBAddSuperUnitsViewController.m in Sources */,
				8C2766AD1DD7FBE4008C7DCB /* UBAddUnitsViewController.m in Sources */,
			);
			runOnlyForDeploymentPostprocessing = 0;
		};
		8C5F2BA91DD24D8500EA0A3D /* Sources */ = {
			isa = PBXSourcesBuildPhase;
			buildActionMask = 2147483647;
			files = (
				8C5F2BB21DD24D8500EA0A3D /* Urba_AdminTests.m in Sources */,
			);
			runOnlyForDeploymentPostprocessing = 0;
		};
		8C5F2BB41DD24D8500EA0A3D /* Sources */ = {
			isa = PBXSourcesBuildPhase;
			buildActionMask = 2147483647;
			files = (
				8C5F2BBD1DD24D8500EA0A3D /* Urba_AdminUITests.m in Sources */,
			);
			runOnlyForDeploymentPostprocessing = 0;
		};
/* End PBXSourcesBuildPhase section */

/* Begin PBXTargetDependency section */
		8C5F2BAF1DD24D8500EA0A3D /* PBXTargetDependency */ = {
			isa = PBXTargetDependency;
			target = 8C5F2B931DD24D8400EA0A3D /* Urba-Admin */;
			targetProxy = 8C5F2BAE1DD24D8500EA0A3D /* PBXContainerItemProxy */;
		};
		8C5F2BBA1DD24D8500EA0A3D /* PBXTargetDependency */ = {
			isa = PBXTargetDependency;
			target = 8C5F2B931DD24D8400EA0A3D /* Urba-Admin */;
			targetProxy = 8C5F2BB91DD24D8500EA0A3D /* PBXContainerItemProxy */;
		};
/* End PBXTargetDependency section */

/* Begin PBXVariantGroup section */
		8C5F2BA01DD24D8500EA0A3D /* Main.storyboard */ = {
			isa = PBXVariantGroup;
			children = (
				8C5F2BA11DD24D8500EA0A3D /* Base */,
			);
			name = Main.storyboard;
			sourceTree = "<group>";
		};
		8C5F2BA51DD24D8500EA0A3D /* LaunchScreen.storyboard */ = {
			isa = PBXVariantGroup;
			children = (
				8C5F2BA61DD24D8500EA0A3D /* Base */,
			);
			name = LaunchScreen.storyboard;
			sourceTree = "<group>";
		};
/* End PBXVariantGroup section */

/* Begin XCBuildConfiguration section */
		8C5F2BBF1DD24D8500EA0A3D /* Debug */ = {
			isa = XCBuildConfiguration;
			buildSettings = {
				ALWAYS_SEARCH_USER_PATHS = NO;
				CLANG_ANALYZER_NONNULL = YES;
				CLANG_CXX_LANGUAGE_STANDARD = "gnu++0x";
				CLANG_CXX_LIBRARY = "libc++";
				CLANG_ENABLE_MODULES = YES;
				CLANG_ENABLE_OBJC_ARC = YES;
				CLANG_WARN_BOOL_CONVERSION = YES;
				CLANG_WARN_CONSTANT_CONVERSION = YES;
				CLANG_WARN_DIRECT_OBJC_ISA_USAGE = YES_ERROR;
				CLANG_WARN_DOCUMENTATION_COMMENTS = YES;
				CLANG_WARN_EMPTY_BODY = YES;
				CLANG_WARN_ENUM_CONVERSION = YES;
				CLANG_WARN_INFINITE_RECURSION = YES;
				CLANG_WARN_INT_CONVERSION = YES;
				CLANG_WARN_OBJC_ROOT_CLASS = YES_ERROR;
				CLANG_WARN_SUSPICIOUS_MOVE = YES;
				CLANG_WARN_SUSPICIOUS_MOVES = YES;
				CLANG_WARN_UNREACHABLE_CODE = YES;
				CLANG_WARN__DUPLICATE_METHOD_MATCH = YES;
				"CODE_SIGN_IDENTITY[sdk=iphoneos*]" = "iPhone Developer";
				COPY_PHASE_STRIP = NO;
				DEBUG_INFORMATION_FORMAT = dwarf;
				ENABLE_STRICT_OBJC_MSGSEND = YES;
				ENABLE_TESTABILITY = YES;
				GCC_C_LANGUAGE_STANDARD = gnu99;
				GCC_DYNAMIC_NO_PIC = NO;
				GCC_NO_COMMON_BLOCKS = YES;
				GCC_OPTIMIZATION_LEVEL = 0;
				GCC_PREPROCESSOR_DEFINITIONS = (
					"DEBUG=1",
					"$(inherited)",
				);
				GCC_WARN_64_TO_32_BIT_CONVERSION = YES;
				GCC_WARN_ABOUT_RETURN_TYPE = YES_ERROR;
				GCC_WARN_UNDECLARED_SELECTOR = YES;
				GCC_WARN_UNINITIALIZED_AUTOS = YES_AGGRESSIVE;
				GCC_WARN_UNUSED_FUNCTION = YES;
				GCC_WARN_UNUSED_VARIABLE = YES;
				IPHONEOS_DEPLOYMENT_TARGET = 10.1;
				MTL_ENABLE_DEBUG_INFO = YES;
				ONLY_ACTIVE_ARCH = YES;
				SDKROOT = iphoneos;
				TARGETED_DEVICE_FAMILY = "1,2";
			};
			name = Debug;
		};
		8C5F2BC01DD24D8500EA0A3D /* Release */ = {
			isa = XCBuildConfiguration;
			buildSettings = {
				ALWAYS_SEARCH_USER_PATHS = NO;
				CLANG_ANALYZER_NONNULL = YES;
				CLANG_CXX_LANGUAGE_STANDARD = "gnu++0x";
				CLANG_CXX_LIBRARY = "libc++";
				CLANG_ENABLE_MODULES = YES;
				CLANG_ENABLE_OBJC_ARC = YES;
				CLANG_WARN_BOOL_CONVERSION = YES;
				CLANG_WARN_CONSTANT_CONVERSION = YES;
				CLANG_WARN_DIRECT_OBJC_ISA_USAGE = YES_ERROR;
				CLANG_WARN_DOCUMENTATION_COMMENTS = YES;
				CLANG_WARN_EMPTY_BODY = YES;
				CLANG_WARN_ENUM_CONVERSION = YES;
				CLANG_WARN_INFINITE_RECURSION = YES;
				CLANG_WARN_INT_CONVERSION = YES;
				CLANG_WARN_OBJC_ROOT_CLASS = YES_ERROR;
				CLANG_WARN_SUSPICIOUS_MOVE = YES;
				CLANG_WARN_SUSPICIOUS_MOVES = YES;
				CLANG_WARN_UNREACHABLE_CODE = YES;
				CLANG_WARN__DUPLICATE_METHOD_MATCH = YES;
				"CODE_SIGN_IDENTITY[sdk=iphoneos*]" = "iPhone Developer";
				COPY_PHASE_STRIP = NO;
				DEBUG_INFORMATION_FORMAT = "dwarf-with-dsym";
				ENABLE_NS_ASSERTIONS = NO;
				ENABLE_STRICT_OBJC_MSGSEND = YES;
				GCC_C_LANGUAGE_STANDARD = gnu99;
				GCC_NO_COMMON_BLOCKS = YES;
				GCC_WARN_64_TO_32_BIT_CONVERSION = YES;
				GCC_WARN_ABOUT_RETURN_TYPE = YES_ERROR;
				GCC_WARN_UNDECLARED_SELECTOR = YES;
				GCC_WARN_UNINITIALIZED_AUTOS = YES_AGGRESSIVE;
				GCC_WARN_UNUSED_FUNCTION = YES;
				GCC_WARN_UNUSED_VARIABLE = YES;
				IPHONEOS_DEPLOYMENT_TARGET = 10.1;
				MTL_ENABLE_DEBUG_INFO = NO;
				SDKROOT = iphoneos;
				TARGETED_DEVICE_FAMILY = "1,2";
				VALIDATE_PRODUCT = YES;
			};
			name = Release;
		};
		8C5F2BC21DD24D8500EA0A3D /* Debug */ = {
			isa = XCBuildConfiguration;
			baseConfigurationReference = 8C92965FCBF40C35134B4A39 /* Pods-Urba-Admin.debug.xcconfig */;
			buildSettings = {
				ASSETCATALOG_COMPILER_APPICON_NAME = AppIcon;
				CODE_SIGN_ENTITLEMENTS = "Urba-Admin/Urba-Admin.entitlements";
				DEVELOPMENT_TEAM = SGRW3864BW;
				INFOPLIST_FILE = "Urba-Admin/Info.plist";
				LD_RUNPATH_SEARCH_PATHS = "$(inherited) @executable_path/Frameworks";
				PRODUCT_BUNDLE_IDENTIFIER = "com.RicardoNazario.Urba-Admin";
				PRODUCT_NAME = "$(TARGET_NAME)";
			};
			name = Debug;
		};
		8C5F2BC31DD24D8500EA0A3D /* Release */ = {
			isa = XCBuildConfiguration;
			baseConfigurationReference = 545F4144E84C30836AB653B2 /* Pods-Urba-Admin.release.xcconfig */;
			buildSettings = {
				ASSETCATALOG_COMPILER_APPICON_NAME = AppIcon;
				CODE_SIGN_ENTITLEMENTS = "Urba-Admin/Urba-Admin.entitlements";
				DEVELOPMENT_TEAM = SGRW3864BW;
				INFOPLIST_FILE = "Urba-Admin/Info.plist";
				LD_RUNPATH_SEARCH_PATHS = "$(inherited) @executable_path/Frameworks";
				PRODUCT_BUNDLE_IDENTIFIER = "com.RicardoNazario.Urba-Admin";
				PRODUCT_NAME = "$(TARGET_NAME)";
			};
			name = Release;
		};
		8C5F2BC51DD24D8500EA0A3D /* Debug */ = {
			isa = XCBuildConfiguration;
			baseConfigurationReference = 7D7C48281C81715A6AEF3531 /* Pods-Urba-AdminTests.debug.xcconfig */;
			buildSettings = {
				BUNDLE_LOADER = "$(TEST_HOST)";
				DEVELOPMENT_TEAM = SGRW3864BW;
				INFOPLIST_FILE = "Urba-AdminTests/Info.plist";
				LD_RUNPATH_SEARCH_PATHS = "$(inherited) @executable_path/Frameworks @loader_path/Frameworks";
				PRODUCT_BUNDLE_IDENTIFIER = "com.RicardoNazario.Urba-AdminTests";
				PRODUCT_NAME = "$(TARGET_NAME)";
				TEST_HOST = "$(BUILT_PRODUCTS_DIR)/Urba-Admin.app/Urba-Admin";
			};
			name = Debug;
		};
		8C5F2BC61DD24D8500EA0A3D /* Release */ = {
			isa = XCBuildConfiguration;
			baseConfigurationReference = A16DB575CA3BC1D946149158 /* Pods-Urba-AdminTests.release.xcconfig */;
			buildSettings = {
				BUNDLE_LOADER = "$(TEST_HOST)";
				DEVELOPMENT_TEAM = SGRW3864BW;
				INFOPLIST_FILE = "Urba-AdminTests/Info.plist";
				LD_RUNPATH_SEARCH_PATHS = "$(inherited) @executable_path/Frameworks @loader_path/Frameworks";
				PRODUCT_BUNDLE_IDENTIFIER = "com.RicardoNazario.Urba-AdminTests";
				PRODUCT_NAME = "$(TARGET_NAME)";
				TEST_HOST = "$(BUILT_PRODUCTS_DIR)/Urba-Admin.app/Urba-Admin";
			};
			name = Release;
		};
		8C5F2BC81DD24D8500EA0A3D /* Debug */ = {
			isa = XCBuildConfiguration;
			baseConfigurationReference = 57439D86CE48B6AE206E29D5 /* Pods-Urba-AdminUITests.debug.xcconfig */;
			buildSettings = {
				DEVELOPMENT_TEAM = SGRW3864BW;
				INFOPLIST_FILE = "Urba-AdminUITests/Info.plist";
				LD_RUNPATH_SEARCH_PATHS = "$(inherited) @executable_path/Frameworks @loader_path/Frameworks";
				PRODUCT_BUNDLE_IDENTIFIER = "com.RicardoNazario.Urba-AdminUITests";
				PRODUCT_NAME = "$(TARGET_NAME)";
				TEST_TARGET_NAME = "Urba-Admin";
			};
			name = Debug;
		};
		8C5F2BC91DD24D8500EA0A3D /* Release */ = {
			isa = XCBuildConfiguration;
			baseConfigurationReference = FBDEC40C0F9069697672CCA6 /* Pods-Urba-AdminUITests.release.xcconfig */;
			buildSettings = {
				DEVELOPMENT_TEAM = SGRW3864BW;
				INFOPLIST_FILE = "Urba-AdminUITests/Info.plist";
				LD_RUNPATH_SEARCH_PATHS = "$(inherited) @executable_path/Frameworks @loader_path/Frameworks";
				PRODUCT_BUNDLE_IDENTIFIER = "com.RicardoNazario.Urba-AdminUITests";
				PRODUCT_NAME = "$(TARGET_NAME)";
				TEST_TARGET_NAME = "Urba-Admin";
			};
			name = Release;
		};
/* End XCBuildConfiguration section */

/* Begin XCConfigurationList section */
		8C5F2B8F1DD24D8400EA0A3D /* Build configuration list for PBXProject "Urba-Admin" */ = {
			isa = XCConfigurationList;
			buildConfigurations = (
				8C5F2BBF1DD24D8500EA0A3D /* Debug */,
				8C5F2BC01DD24D8500EA0A3D /* Release */,
			);
			defaultConfigurationIsVisible = 0;
			defaultConfigurationName = Release;
		};
		8C5F2BC11DD24D8500EA0A3D /* Build configuration list for PBXNativeTarget "Urba-Admin" */ = {
			isa = XCConfigurationList;
			buildConfigurations = (
				8C5F2BC21DD24D8500EA0A3D /* Debug */,
				8C5F2BC31DD24D8500EA0A3D /* Release */,
			);
			defaultConfigurationIsVisible = 0;
			defaultConfigurationName = Release;
		};
		8C5F2BC41DD24D8500EA0A3D /* Build configuration list for PBXNativeTarget "Urba-AdminTests" */ = {
			isa = XCConfigurationList;
			buildConfigurations = (
				8C5F2BC51DD24D8500EA0A3D /* Debug */,
				8C5F2BC61DD24D8500EA0A3D /* Release */,
			);
			defaultConfigurationIsVisible = 0;
			defaultConfigurationName = Release;
		};
		8C5F2BC71DD24D8500EA0A3D /* Build configuration list for PBXNativeTarget "Urba-AdminUITests" */ = {
			isa = XCConfigurationList;
			buildConfigurations = (
				8C5F2BC81DD24D8500EA0A3D /* Debug */,
				8C5F2BC91DD24D8500EA0A3D /* Release */,
			);
			defaultConfigurationIsVisible = 0;
			defaultConfigurationName = Release;
		};
/* End XCConfigurationList section */
	};
	rootObject = 8C5F2B8C1DD24D8400EA0A3D /* Project object */;
}
